dependencies:
- name: cluster
  repository: https://cloudnative-pg.github.io/charts
  version: 0.6.1
- name: flash-coffee
  repository: ""
  version: 1.0.0
- name: flash-discovery
  repository: ""
  version: 1.0.0
- name: kube-prometheus-stack
  repository: https://prometheus-community.github.io/helm-charts
  version: 88.6.3
- name: logiq-flash
  repository: ""
  version: 1.0.0
- name: logiqctl
  repository: ""
  version: 1.0.0
- name: valkey
  repository: https://valkey.io/valkey-helm
  version: 0.9.0
- name: thanos
  repository: oci://ghcr.io/thanos-community/helm-charts
  version: 0.18.0
digest: sha256:68cfc46b1eb4ccffc522eb5a1e2670478bb72b09f697bcac0a8b4e2a620f7bd7
generated: "2026-09-04T16:01:55.68276-04:00"
