dependencies:
- name: flash-coffee
  repository: ""
  version: 1.0.0
- name: logiq-flash
  repository: ""
  version: 1.0.0
- name: logiqctl
  repository: ""
  version: 1.0.0
- name: flash-discovery
  repository: ""
  version: 1.0.0
- name: valkey
  repository: https://valkey.io/valkey-helm
  version: 0.9.0
- name: thanos
  repository: oci://ghcr.io/thanos-community/helm-charts
  version: 0.18.0
digest: sha256:43f3b0ab91c310d42f8df8fc912719f2679cc2ab5e2ddbbe0139104df731284d
generated: "2026-06-23T17:24:39.931347172Z"
