dependencies:
- name: cluster
  repository: https://cloudnative-pg.github.io/charts
  version: 0.6.1
- name: flash-coffee
  repository: ""
  version: 1.0.0
- name: kube-prometheus-stack
  repository: https://prometheus-community.github.io/helm-charts
  version: 88.6.3
- name: logiq-flash
  repository: ""
  version: 1.0.0
- name: logiqctl
  repository: ""
  version: 1.0.0
- name: flash-discovery
  repository: ""
  version: 1.0.0
- name: valkey
  repository: https://valkey.io/valkey-helm
  version: 0.9.0
- name: thanos
  repository: oci://ghcr.io/thanos-community/helm-charts
  version: 0.18.0
digest: sha256:942ec6fcbd967ff76635b8bbe5c48820bde2ddbe7e09fd3bc53f808770fb20cd
generated: "2026-09-03T20:22:16.433552256Z"
